
Microsoft Visual Studio Solution File, Format Version 12.00
# Visual Studio 15
Project("{FAE04EC0-301F-11D3-BF4B-00C04F79EFBC}") = "Repaso4", "Repaso4\Repaso4.csproj", "{EE779C9F-8390-4642-8BDC-C4E31C508474}"
EndProject
Global
	GlobalSection(SolutionConfigurationPlatforms) = preSolution
		Debug|anycpu = Debug|anycpu
		Release|anycpu = Release|anycpu
	EndGlobalSection
	GlobalSection(ProjectConfigurationPlatforms) = postSolution
		{EE779C9F-8390-4642-8BDC-C4E31C508474}.Debug|anycpu.ActiveCfg = Debug|anycpu
		{EE779C9F-8390-4642-8BDC-C4E31C508474}.Debug|anycpu.Build.0 = Debug|anycpu
		{EE779C9F-8390-4642-8BDC-C4E31C508474}.Release|anycpu.ActiveCfg = Release|anycpu
		{EE779C9F-8390-4642-8BDC-C4E31C508474}.Release|anycpu.Build.0 = Release|anycpu
	EndGlobalSection
EndGlobal
